# @generated by Move, please check-in and do not edit manually.

[move]
version = 3
manifest_digest = "275F89836455E48A3124F13FABC8491CB60C44E10DB4F0D3E3AB75AC2EB1D3F6"
deps_digest = "F8BBB0CCB2491CA29A3DF03D6F92277A4F3574266507ACD77214D37ECA3F3082"
dependencies = [
  { id = "Iota", name = "Iota" },
]

[[move.package]]
id = "Iota"
source = { git = "https://github.com/iotaledger/iota.git", rev = "framework/testnet", subdir = "crates/iota-framework/packages/iota-framework" }

dependencies = [
  { id = "MoveStdlib", name = "MoveStdlib" },
]

[[move.package]]
id = "MoveStdlib"
source = { git = "https://github.com/iotaledger/iota.git", rev = "framework/testnet", subdir = "crates/iota-framework/packages/move-stdlib" }

[move.toolchain-version]
compiler-version = "1.18.1-rc"
edition = "2024.beta"
flavor = "iota"

[env]

[env.testnet]
chain-id = "2304aa97"
original-published-id = "0x6dfe90cd471bdd2d1767a98212ddd901036807c3ec0d7e3e40814fe17667df1f"
latest-published-id = "0x6dfe90cd471bdd2d1767a98212ddd901036807c3ec0d7e3e40814fe17667df1f"
published-version = "1"
